
Microsoft Visual Studio Solution File, Format Version 12.00
# Visual Studio Version 17
VisualStudioVersion = 17.8.34330.188
MinimumVisualStudioVersion = 10.0.40219.1
Project("{FAE04EC0-301F-11D3-BF4B-00C04F79EFBC}") = "GateKeeperV1", "GateKeeperV1.csproj", "{A1960FB1-9944-46FE-B5CA-74ECAA030A50}"
EndProject
Global
	GlobalSection(SolutionConfigurationPlatforms) = preSolution
		Debug|Any CPU = Debug|Any CPU
		Release|Any CPU = Release|Any CPU
	EndGlobalSection
	GlobalSection(ProjectConfigurationPlatforms) = postSolution
		{A1960FB1-9944-46FE-B5CA-74ECAA030A50}.Debug|Any CPU.ActiveCfg = Debug|Any CPU
		{A1960FB1-9944-46FE-B5CA-74ECAA030A50}.Debug|Any CPU.Build.0 = Debug|Any CPU
		{A1960FB1-9944-46FE-B5CA-74ECAA030A50}.Release|Any CPU.ActiveCfg = Release|Any CPU
		{A1960FB1-9944-46FE-B5CA-74ECAA030A50}.Release|Any CPU.Build.0 = Release|Any CPU
	EndGlobalSection
	GlobalSection(SolutionProperties) = preSolution
		HideSolutionNode = FALSE
	EndGlobalSection
	GlobalSection(ExtensibilityGlobals) = postSolution
		SolutionGuid = {35825D1F-B8D7-465E-852B-0B403CF93800}
	EndGlobalSection
EndGlobal
